Microsoft Visual Studio Solution File, Format Version 12.00
# Visual Studio 2012
Project("{FAE04EC0-301F-11D3-BF4B-00C04F79EFBC}") = "Terrarium", "Terrarium\Terrarium.csproj", "{0F3C0D45-0DCC-43C9-BC43-C34C2029FFF4}"
EndProject
Project("{FAE04EC0-301F-11D3-BF4B-00C04F79EFBC}") = "HttpListener", "HttpListener\HttpListener.csproj", "{E3EC9E4B-7AA9-4DA9-B6FE-A5E73FE1A8D0}"
EndProject
Project("{FAE04EC0-301F-11D3-BF4B-00C04F79EFBC}") = "OrganismBase", "OrganismBase\OrganismBase.csproj", "{692FC657-3EAA-4EF9-B10F-3558A7E5916D}"
EndProject
Project("{FAE04EC0-301F-11D3-BF4B-00C04F79EFBC}") = "Configuration", "Configuration\Configuration.csproj", "{A7445FEE-D531-460F-99F9-80FD7345072A}"
EndProject
Project("{FAE04EC0-301F-11D3-BF4B-00C04F79EFBC}") = "Controls", "Controls\Controls.csproj", "{78CF0F3B-AE88-4DD9-854C-E199E3C985CD}"
EndProject
Project("{FAE04EC0-301F-11D3-BF4B-00C04F79EFBC}") = "Game", "Game\Game.csproj", "{B77AEBA6-F49D-45EE-BDE7-ABE95EF462D7}"
EndProject
Project("{FAE04EC0-301F-11D3-BF4B-00C04F79EFBC}") = "Services", "Services\Services.csproj", "{6A2A6B54-D211-4766-82A6-0B8E2072BEF9}"
EndProject
Project("{FAE04EC0-301F-11D3-BF4B-00C04F79EFBC}") = "Glass", "Glass\Glass.csproj", "{B3B0B9AB-03ED-433F-841E-9AEBEE934BF3}"
EndProject
Project("{FAE04EC0-301F-11D3-BF4B-00C04F79EFBC}") = "Renderer", "Renderer\Renderer.csproj", "{228FD808-F488-426E-9015-F5557AD44A40}"
EndProject
Project("{930C7802-8A8C-48F9-8165-68863BCCD9DD}") = "Terrarium2.Setup", "Terrarium2.Setup\Terrarium2.Setup.wixproj", "{386DD595-55C0-4868-A36E-F3793664645D}"
EndProject
Project("{930C7802-8A8C-48F9-8165-68863BCCD9DD}") = "Terrarium2.SetupMM", "Terrarium2.SetupMM\Terrarium2.SetupMM.wixproj", "{28516597-BF50-44AA-BDA4-1132DAD43274}"
EndProject
Project("{2150E333-8FDC-42A3-9474-1A3956D46DE8}") = ".nuget", ".nuget", "{7C68E407-DAE3-48E1-AF39-AF0ED51FC1E0}"
	ProjectSection(SolutionItems) = preProject
		.nuget\NuGet.Config = .nuget\NuGet.Config
		.nuget\NuGet.exe = .nuget\NuGet.exe
		.nuget\NuGet.targets = .nuget\NuGet.targets
	EndProjectSection
EndProject
Global
	GlobalSection(SolutionConfigurationPlatforms) = preSolution
		Debug|Any CPU = Debug|Any CPU
		Debug|Mixed Platforms = Debug|Mixed Platforms
		Debug|x86 = Debug|x86
		Release|Any CPU = Release|Any CPU
		Release|Mixed Platforms = Release|Mixed Platforms
		Release|x86 = Release|x86
	EndGlobalSection
	GlobalSection(ProjectConfigurationPlatforms) = postSolution
		{0F3C0D45-0DCC-43C9-BC43-C34C2029FFF4}.Debug|Any CPU.ActiveCfg = Debug|Any CPU
		{0F3C0D45-0DCC-43C9-BC43-C34C2029FFF4}.Debug|Any CPU.Build.0 = Debug|Any CPU
		{0F3C0D45-0DCC-43C9-BC43-C34C2029FFF4}.Debug|Mixed Platforms.ActiveCfg = Debug|x86
		{0F3C0D45-0DCC-43C9-BC43-C34C2029FFF4}.Debug|Mixed Platforms.Build.0 = Debug|x86
		{0F3C0D45-0DCC-43C9-BC43-C34C2029FFF4}.Debug|x86.ActiveCfg = Debug|x86
		{0F3C0D45-0DCC-43C9-BC43-C34C2029FFF4}.Debug|x86.Build.0 = Debug|x86
		{0F3C0D45-0DCC-43C9-BC43-C34C2029FFF4}.Release|Any CPU.ActiveCfg = Release|Any CPU
		{0F3C0D45-0DCC-43C9-BC43-C34C2029FFF4}.Release|Any CPU.Build.0 = Release|Any CPU
		{0F3C0D45-0DCC-43C9-BC43-C34C2029FFF4}.Release|Mixed Platforms.ActiveCfg = Release|x86
		{0F3C0D45-0DCC-43C9-BC43-C34C2029FFF4}.Release|Mixed Platforms.Build.0 = Release|x86
		{0F3C0D45-0DCC-43C9-BC43-C34C2029FFF4}.Release|x86.ActiveCfg = Release|x86
		{0F3C0D45-0DCC-43C9-BC43-C34C2029FFF4}.Release|x86.Build.0 = Release|x86
		{E3EC9E4B-7AA9-4DA9-B6FE-A5E73FE1A8D0}.Debug|Any CPU.ActiveCfg = Debug|Any CPU
		{E3EC9E4B-7AA9-4DA9-B6FE-A5E73FE1A8D0}.Debug|Any CPU.Build.0 = Debug|Any CPU
		{E3EC9E4B-7AA9-4DA9-B6FE-A5E73FE1A8D0}.Debug|Mixed Platforms.ActiveCfg = Debug|x86
		{E3EC9E4B-7AA9-4DA9-B6FE-A5E73FE1A8D0}.Debug|Mixed Platforms.Build.0 = Debug|x86
		{E3EC9E4B-7AA9-4DA9-B6FE-A5E73FE1A8D0}.Debug|x86.ActiveCfg = Debug|x86
		{E3EC9E4B-7AA9-4DA9-B6FE-A5E73FE1A8D0}.Debug|x86.Build.0 = Debug|x86
		{E3EC9E4B-7AA9-4DA9-B6FE-A5E73FE1A8D0}.Release|Any CPU.ActiveCfg = Release|Any CPU
		{E3EC9E4B-7AA9-4DA9-B6FE-A5E73FE1A8D0}.Release|Any CPU.Build.0 = Release|Any CPU
		{E3EC9E4B-7AA9-4DA9-B6FE-A5E73FE1A8D0}.Release|Mixed Platforms.ActiveCfg = Release|x86
		{E3EC9E4B-7AA9-4DA9-B6FE-A5E73FE1A8D0}.Release|Mixed Platforms.Build.0 = Release|x86
		{E3EC9E4B-7AA9-4DA9-B6FE-A5E73FE1A8D0}.Release|x86.ActiveCfg = Release|x86
		{E3EC9E4B-7AA9-4DA9-B6FE-A5E73FE1A8D0}.Release|x86.Build.0 = Release|x86
		{692FC657-3EAA-4EF9-B10F-3558A7E5916D}.Debug|Any CPU.ActiveCfg = Debug|Any CPU
		{692FC657-3EAA-4EF9-B10F-3558A7E5916D}.Debug|Any CPU.Build.0 = Debug|Any CPU
		{692FC657-3EAA-4EF9-B10F-3558A7E5916D}.Debug|Mixed Platforms.ActiveCfg = Debug|x86
		{692FC657-3EAA-4EF9-B10F-3558A7E5916D}.Debug|Mixed Platforms.Build.0 = Debug|x86
		{692FC657-3EAA-4EF9-B10F-3558A7E5916D}.Debug|x86.ActiveCfg = Debug|x86
		{692FC657-3EAA-4EF9-B10F-3558A7E5916D}.Debug|x86.Build.0 = Debug|x86
		{692FC657-3EAA-4EF9-B10F-3558A7E5916D}.Release|Any CPU.ActiveCfg = Release|Any CPU
		{692FC657-3EAA-4EF9-B10F-3558A7E5916D}.Release|Any CPU.Build.0 = Release|Any CPU
		{692FC657-3EAA-4EF9-B10F-3558A7E5916D}.Release|Mixed Platforms.ActiveCfg = Release|x86
		{692FC657-3EAA-4EF9-B10F-3558A7E5916D}.Release|Mixed Platforms.Build.0 = Release|x86
		{692FC657-3EAA-4EF9-B10F-3558A7E5916D}.Release|x86.ActiveCfg = Release|x86
		{692FC657-3EAA-4EF9-B10F-3558A7E5916D}.Release|x86.Build.0 = Release|x86
		{A7445FEE-D531-460F-99F9-80FD7345072A}.Debug|Any CPU.ActiveCfg = Debug|Any CPU
		{A7445FEE-D531-460F-99F9-80FD7345072A}.Debug|Any CPU.Build.0 = Debug|Any CPU
		{A7445FEE-D531-460F-99F9-80FD7345072A}.Debug|Mixed Platforms.ActiveCfg = Debug|x86
		{A7445FEE-D531-460F-99F9-80FD7345072A}.Debug|Mixed Platforms.Build.0 = Debug|x86
		{A7445FEE-D531-460F-99F9-80FD7345072A}.Debug|x86.ActiveCfg = Debug|x86
		{A7445FEE-D531-460F-99F9-80FD7345072A}.Debug|x86.Build.0 = Debug|x86
		{A7445FEE-D531-460F-99F9-80FD7345072A}.Release|Any CPU.ActiveCfg = Release|Any CPU
		{A7445FEE-D531-460F-99F9-80FD7345072A}.Release|Any CPU.Build.0 = Release|Any CPU
		{A7445FEE-D531-460F-99F9-80FD7345072A}.Release|Mixed Platforms.ActiveCfg = Release|x86
		{A7445FEE-D531-460F-99F9-80FD7345072A}.Release|Mixed Platforms.Build.0 = Release|x86
		{A7445FEE-D531-460F-99F9-80FD7345072A}.Release|x86.ActiveCfg = Release|x86
		{A7445FEE-D531-460F-99F9-80FD7345072A}.Release|x86.Build.0 = Release|x86
		{78CF0F3B-AE88-4DD9-854C-E199E3C985CD}.Debug|Any CPU.ActiveCfg = Debug|Any CPU
		{78CF0F3B-AE88-4DD9-854C-E199E3C985CD}.Debug|Any CPU.Build.0 = Debug|Any CPU
		{78CF0F3B-AE88-4DD9-854C-E199E3C985CD}.Debug|Mixed Platforms.ActiveCfg = Debug|x86
		{78CF0F3B-AE88-4DD9-854C-E199E3C985CD}.Debug|Mixed Platforms.Build.0 = Debug|x86
		{78CF0F3B-AE88-4DD9-854C-E199E3C985CD}.Debug|x86.ActiveCfg = Debug|x86
		{78CF0F3B-AE88-4DD9-854C-E199E3C985CD}.Debug|x86.Build.0 = Debug|x86
		{78CF0F3B-AE88-4DD9-854C-E199E3C985CD}.Release|Any CPU.ActiveCfg = Release|Any CPU
		{78CF0F3B-AE88-4DD9-854C-E199E3C985CD}.Release|Any CPU.Build.0 = Release|Any CPU
		{78CF0F3B-AE88-4DD9-854C-E199E3C985CD}.Release|Mixed Platforms.ActiveCfg = Release|x86
		{78CF0F3B-AE88-4DD9-854C-E199E3C985CD}.Release|Mixed Platforms.Build.0 = Release|x86
		{78CF0F3B-AE88-4DD9-854C-E199E3C985CD}.Release|x86.ActiveCfg = Release|x86
		{78CF0F3B-AE88-4DD9-854C-E199E3C985CD}.Release|x86.Build.0 = Release|x86
		{B77AEBA6-F49D-45EE-BDE7-ABE95EF462D7}.Debug|Any CPU.ActiveCfg = Debug|Any CPU
		{B77AEBA6-F49D-45EE-BDE7-ABE95EF462D7}.Debug|Any CPU.Build.0 = Debug|Any CPU
		{B77AEBA6-F49D-45EE-BDE7-ABE95EF462D7}.Debug|Mixed Platforms.ActiveCfg = Debug|x86
		{B77AEBA6-F49D-45EE-BDE7-ABE95EF462D7}.Debug|Mixed Platforms.Build.0 = Debug|x86
		{B77AEBA6-F49D-45EE-BDE7-ABE95EF462D7}.Debug|x86.ActiveCfg = Debug|x86
		{B77AEBA6-F49D-45EE-BDE7-ABE95EF462D7}.Debug|x86.Build.0 = Debug|x86
		{B77AEBA6-F49D-45EE-BDE7-ABE95EF462D7}.Release|Any CPU.ActiveCfg = Release|Any CPU
		{B77AEBA6-F49D-45EE-BDE7-ABE95EF462D7}.Release|Any CPU.Build.0 = Release|Any CPU
		{B77AEBA6-F49D-45EE-BDE7-ABE95EF462D7}.Release|Mixed Platforms.ActiveCfg = Release|x86
		{B77AEBA6-F49D-45EE-BDE7-ABE95EF462D7}.Release|Mixed Platforms.Build.0 = Release|x86
		{B77AEBA6-F49D-45EE-BDE7-ABE95EF462D7}.Release|x86.ActiveCfg = Release|x86
		{B77AEBA6-F49D-45EE-BDE7-ABE95EF462D7}.Release|x86.Build.0 = Release|x86
		{6A2A6B54-D211-4766-82A6-0B8E2072BEF9}.Debug|Any CPU.ActiveCfg = Debug|Any CPU
		{6A2A6B54-D211-4766-82A6-0B8E2072BEF9}.Debug|Any CPU.Build.0 = Debug|Any CPU
		{6A2A6B54-D211-4766-82A6-0B8E2072BEF9}.Debug|Mixed Platforms.ActiveCfg = Debug|x86
		{6A2A6B54-D211-4766-82A6-0B8E2072BEF9}.Debug|Mixed Platforms.Build.0 = Debug|x86
		{6A2A6B54-D211-4766-82A6-0B8E2072BEF9}.Debug|x86.ActiveCfg = Debug|x86
		{6A2A6B54-D211-4766-82A6-0B8E2072BEF9}.Debug|x86.Build.0 = Debug|x86
		{6A2A6B54-D211-4766-82A6-0B8E2072BEF9}.Release|Any CPU.ActiveCfg = Release|Any CPU
		{6A2A6B54-D211-4766-82A6-0B8E2072BEF9}.Release|Any CPU.Build.0 = Release|Any CPU
		{6A2A6B54-D211-4766-82A6-0B8E2072BEF9}.Release|Mixed Platforms.ActiveCfg = Release|x86
		{6A2A6B54-D211-4766-82A6-0B8E2072BEF9}.Release|Mixed Platforms.Build.0 = Release|x86
		{6A2A6B54-D211-4766-82A6-0B8E2072BEF9}.Release|x86.ActiveCfg = Release|x86
		{6A2A6B54-D211-4766-82A6-0B8E2072BEF9}.Release|x86.Build.0 = Release|x86
		{B3B0B9AB-03ED-433F-841E-9AEBEE934BF3}.Debug|Any CPU.ActiveCfg = Debug|Any CPU
		{B3B0B9AB-03ED-433F-841E-9AEBEE934BF3}.Debug|Any CPU.Build.0 = Debug|Any CPU
		{B3B0B9AB-03ED-433F-841E-9AEBEE934BF3}.Debug|Mixed Platforms.ActiveCfg = Debug|x86
		{B3B0B9AB-03ED-433F-841E-9AEBEE934BF3}.Debug|Mixed Platforms.Build.0 = Debug|x86
		{B3B0B9AB-03ED-433F-841E-9AEBEE934BF3}.Debug|x86.ActiveCfg = Debug|x86
		{B3B0B9AB-03ED-433F-841E-9AEBEE934BF3}.Debug|x86.Build.0 = Debug|x86
		{B3B0B9AB-03ED-433F-841E-9AEBEE934BF3}.Release|Any CPU.ActiveCfg = Release|Any CPU
		{B3B0B9AB-03ED-433F-841E-9AEBEE934BF3}.Release|Any CPU.Build.0 = Release|Any CPU
		{B3B0B9AB-03ED-433F-841E-9AEBEE934BF3}.Release|Mixed Platforms.ActiveCfg = Release|x86
		{B3B0B9AB-03ED-433F-841E-9AEBEE934BF3}.Release|Mixed Platforms.Build.0 = Release|x86
		{B3B0B9AB-03ED-433F-841E-9AEBEE934BF3}.Release|x86.ActiveCfg = Release|x86
		{B3B0B9AB-03ED-433F-841E-9AEBEE934BF3}.Release|x86.Build.0 = Release|x86
		{228FD808-F488-426E-9015-F5557AD44A40}.Debug|Any CPU.ActiveCfg = Debug|Any CPU
		{228FD808-F488-426E-9015-F5557AD44A40}.Debug|Any CPU.Build.0 = Debug|Any CPU
		{228FD808-F488-426E-9015-F5557AD44A40}.Debug|Mixed Platforms.ActiveCfg = Debug|x86
		{228FD808-F488-426E-9015-F5557AD44A40}.Debug|Mixed Platforms.Build.0 = Debug|x86
		{228FD808-F488-426E-9015-F5557AD44A40}.Debug|x86.ActiveCfg = Debug|x86
		{228FD808-F488-426E-9015-F5557AD44A40}.Debug|x86.Build.0 = Debug|x86
		{228FD808-F488-426E-9015-F5557AD44A40}.Release|Any CPU.ActiveCfg = Release|Any CPU
		{228FD808-F488-426E-9015-F5557AD44A40}.Release|Any CPU.Build.0 = Release|Any CPU
		{228FD808-F488-426E-9015-F5557AD44A40}.Release|Mixed Platforms.ActiveCfg = Release|x86
		{228FD808-F488-426E-9015-F5557AD44A40}.Release|Mixed Platforms.Build.0 = Release|x86
		{228FD808-F488-426E-9015-F5557AD44A40}.Release|x86.ActiveCfg = Release|x86
		{228FD808-F488-426E-9015-F5557AD44A40}.Release|x86.Build.0 = Release|x86
		{386DD595-55C0-4868-A36E-F3793664645D}.Debug|Any CPU.ActiveCfg = Debug|x86
		{386DD595-55C0-4868-A36E-F3793664645D}.Debug|Mixed Platforms.ActiveCfg = Debug|x86
		{386DD595-55C0-4868-A36E-F3793664645D}.Debug|Mixed Platforms.Build.0 = Debug|x86
		{386DD595-55C0-4868-A36E-F3793664645D}.Debug|x86.ActiveCfg = Debug|x86
		{386DD595-55C0-4868-A36E-F3793664645D}.Debug|x86.Build.0 = Debug|x86
		{386DD595-55C0-4868-A36E-F3793664645D}.Release|Any CPU.ActiveCfg = Release|x86
		{386DD595-55C0-4868-A36E-F3793664645D}.Release|Mixed Platforms.ActiveCfg = Release|x86
		{386DD595-55C0-4868-A36E-F3793664645D}.Release|Mixed Platforms.Build.0 = Release|x86
		{386DD595-55C0-4868-A36E-F3793664645D}.Release|x86.ActiveCfg = Release|x86
		{386DD595-55C0-4868-A36E-F3793664645D}.Release|x86.Build.0 = Release|x86
		{28516597-BF50-44AA-BDA4-1132DAD43274}.Debug|Any CPU.ActiveCfg = Debug|x86
		{28516597-BF50-44AA-BDA4-1132DAD43274}.Debug|Mixed Platforms.ActiveCfg = Debug|x86
		{28516597-BF50-44AA-BDA4-1132DAD43274}.Debug|Mixed Platforms.Build.0 = Debug|x86
		{28516597-BF50-44AA-BDA4-1132DAD43274}.Debug|x86.ActiveCfg = Debug|x86
		{28516597-BF50-44AA-BDA4-1132DAD43274}.Debug|x86.Build.0 = Debug|x86
		{28516597-BF50-44AA-BDA4-1132DAD43274}.Release|Any CPU.ActiveCfg = Release|x86
		{28516597-BF50-44AA-BDA4-1132DAD43274}.Release|Mixed Platforms.ActiveCfg = Release|x86
		{28516597-BF50-44AA-BDA4-1132DAD43274}.Release|Mixed Platforms.Build.0 = Release|x86
		{28516597-BF50-44AA-BDA4-1132DAD43274}.Release|x86.ActiveCfg = Release|x86
		{28516597-BF50-44AA-BDA4-1132DAD43274}.Release|x86.Build.0 = Release|x86
	EndGlobalSection
	GlobalSection(SolutionProperties) = preSolution
		HideSolutionNode = FALSE
	EndGlobalSection
EndGlobal
