
Microsoft Visual Studio Solution File, Format Version 12.00
# Visual Studio Version 16
VisualStudioVersion = 16.0.30011.22
MinimumVisualStudioVersion = 10.0.40219.1
Project("{FAE04EC0-301F-11D3-BF4B-00C04F79EFBC}") = "InstallerItems", "..\Tools\ServerConfig\InstallerItems\InstallerItems.csproj", "{64B30CEC-FB6D-48BD-B1FD-D8D5480C8E4A}"
EndProject
Project("{FAE04EC0-301F-11D3-BF4B-00C04F79EFBC}") = "Terrarium.Server", "Terrarium.Server\Terrarium.Server.csproj", "{9384E81B-B360-40E2-8D4E-8F6738331B78}"
EndProject
Project("{FAE04EC0-301F-11D3-BF4B-00C04F79EFBC}") = "Terrarium.Web.UI", "Terrarium.Web.UI\Terrarium.Web.UI.csproj", "{76AF595D-AED1-47F9-BB8C-D3DDB87483F5}"
EndProject
Global
	GlobalSection(SolutionConfigurationPlatforms) = preSolution
		Debug|.NET = Debug|.NET
		Debug|Any CPU = Debug|Any CPU
		Debug|Mixed Platforms = Debug|Mixed Platforms
		Debug|x86 = Debug|x86
		Release|.NET = Release|.NET
		Release|Any CPU = Release|Any CPU
		Release|Mixed Platforms = Release|Mixed Platforms
		Release|x86 = Release|x86
	EndGlobalSection
	GlobalSection(ProjectConfigurationPlatforms) = postSolution
		{64B30CEC-FB6D-48BD-B1FD-D8D5480C8E4A}.Debug|.NET.ActiveCfg = Debug|Any CPU
		{64B30CEC-FB6D-48BD-B1FD-D8D5480C8E4A}.Debug|Any CPU.ActiveCfg = Debug|Any CPU
		{64B30CEC-FB6D-48BD-B1FD-D8D5480C8E4A}.Debug|Any CPU.Build.0 = Debug|Any CPU
		{64B30CEC-FB6D-48BD-B1FD-D8D5480C8E4A}.Debug|Mixed Platforms.ActiveCfg = Debug|Any CPU
		{64B30CEC-FB6D-48BD-B1FD-D8D5480C8E4A}.Debug|Mixed Platforms.Build.0 = Debug|Any CPU
		{64B30CEC-FB6D-48BD-B1FD-D8D5480C8E4A}.Debug|x86.ActiveCfg = Debug|Any CPU
		{64B30CEC-FB6D-48BD-B1FD-D8D5480C8E4A}.Release|.NET.ActiveCfg = Release|Any CPU
		{64B30CEC-FB6D-48BD-B1FD-D8D5480C8E4A}.Release|Any CPU.ActiveCfg = Release|Any CPU
		{64B30CEC-FB6D-48BD-B1FD-D8D5480C8E4A}.Release|Any CPU.Build.0 = Release|Any CPU
		{64B30CEC-FB6D-48BD-B1FD-D8D5480C8E4A}.Release|Mixed Platforms.ActiveCfg = Release|Any CPU
		{64B30CEC-FB6D-48BD-B1FD-D8D5480C8E4A}.Release|Mixed Platforms.Build.0 = Release|Any CPU
		{64B30CEC-FB6D-48BD-B1FD-D8D5480C8E4A}.Release|x86.ActiveCfg = Release|Any CPU
		{9384E81B-B360-40E2-8D4E-8F6738331B78}.Debug|.NET.ActiveCfg = Debug|Any CPU
		{9384E81B-B360-40E2-8D4E-8F6738331B78}.Debug|.NET.Build.0 = Debug|Any CPU
		{9384E81B-B360-40E2-8D4E-8F6738331B78}.Debug|Any CPU.ActiveCfg = Debug|Any CPU
		{9384E81B-B360-40E2-8D4E-8F6738331B78}.Debug|Any CPU.Build.0 = Debug|Any CPU
		{9384E81B-B360-40E2-8D4E-8F6738331B78}.Debug|Mixed Platforms.ActiveCfg = Debug|Any CPU
		{9384E81B-B360-40E2-8D4E-8F6738331B78}.Debug|Mixed Platforms.Build.0 = Debug|Any CPU
		{9384E81B-B360-40E2-8D4E-8F6738331B78}.Debug|x86.ActiveCfg = Debug|Any CPU
		{9384E81B-B360-40E2-8D4E-8F6738331B78}.Debug|x86.Build.0 = Debug|Any CPU
		{9384E81B-B360-40E2-8D4E-8F6738331B78}.Release|.NET.ActiveCfg = Release|Any CPU
		{9384E81B-B360-40E2-8D4E-8F6738331B78}.Release|.NET.Build.0 = Release|Any CPU
		{9384E81B-B360-40E2-8D4E-8F6738331B78}.Release|Any CPU.ActiveCfg = Release|Any CPU
		{9384E81B-B360-40E2-8D4E-8F6738331B78}.Release|Any CPU.Build.0 = Release|Any CPU
		{9384E81B-B360-40E2-8D4E-8F6738331B78}.Release|Mixed Platforms.ActiveCfg = Release|Any CPU
		{9384E81B-B360-40E2-8D4E-8F6738331B78}.Release|Mixed Platforms.Build.0 = Release|Any CPU
		{9384E81B-B360-40E2-8D4E-8F6738331B78}.Release|x86.ActiveCfg = Release|Any CPU
		{9384E81B-B360-40E2-8D4E-8F6738331B78}.Release|x86.Build.0 = Release|Any CPU
		{76AF595D-AED1-47F9-BB8C-D3DDB87483F5}.Debug|.NET.ActiveCfg = Debug|Any CPU
		{76AF595D-AED1-47F9-BB8C-D3DDB87483F5}.Debug|.NET.Build.0 = Debug|Any CPU
		{76AF595D-AED1-47F9-BB8C-D3DDB87483F5}.Debug|Any CPU.ActiveCfg = Debug|Any CPU
		{76AF595D-AED1-47F9-BB8C-D3DDB87483F5}.Debug|Any CPU.Build.0 = Debug|Any CPU
		{76AF595D-AED1-47F9-BB8C-D3DDB87483F5}.Debug|Mixed Platforms.ActiveCfg = Debug|Any CPU
		{76AF595D-AED1-47F9-BB8C-D3DDB87483F5}.Debug|Mixed Platforms.Build.0 = Debug|Any CPU
		{76AF595D-AED1-47F9-BB8C-D3DDB87483F5}.Debug|x86.ActiveCfg = Debug|Any CPU
		{76AF595D-AED1-47F9-BB8C-D3DDB87483F5}.Debug|x86.Build.0 = Debug|Any CPU
		{76AF595D-AED1-47F9-BB8C-D3DDB87483F5}.Release|.NET.ActiveCfg = Release|Any CPU
		{76AF595D-AED1-47F9-BB8C-D3DDB87483F5}.Release|.NET.Build.0 = Release|Any CPU
		{76AF595D-AED1-47F9-BB8C-D3DDB87483F5}.Release|Any CPU.ActiveCfg = Release|Any CPU
		{76AF595D-AED1-47F9-BB8C-D3DDB87483F5}.Release|Any CPU.Build.0 = Release|Any CPU
		{76AF595D-AED1-47F9-BB8C-D3DDB87483F5}.Release|Mixed Platforms.ActiveCfg = Release|Any CPU
		{76AF595D-AED1-47F9-BB8C-D3DDB87483F5}.Release|Mixed Platforms.Build.0 = Release|Any CPU
		{76AF595D-AED1-47F9-BB8C-D3DDB87483F5}.Release|x86.ActiveCfg = Release|Any CPU
		{76AF595D-AED1-47F9-BB8C-D3DDB87483F5}.Release|x86.Build.0 = Release|Any CPU
	EndGlobalSection
	GlobalSection(SolutionProperties) = preSolution
		HideSolutionNode = FALSE
	EndGlobalSection
	GlobalSection(ExtensibilityGlobals) = postSolution
		SolutionGuid = {A02B7052-C273-4812-8BA1-DF1C2CA55533}
	EndGlobalSection
EndGlobal
