
Microsoft Visual Studio Solution File, Format Version 12.00
# Visual Studio 2012
Project("{FAE04EC0-301F-11D3-BF4B-00C04F79EFBC}") = "InstallerItems", "..\Tools\ServerConfig\InstallerItems\InstallerItems.csproj", "{64B30CEC-FB6D-48BD-B1FD-D8D5480C8E4A}"
EndProject
Project("{E24C65DC-7377-472B-9ABA-BC803B73C61A}") = "Website", "Website\", "{B2C32557-4CFE-4DC3-8DCA-A298633708C0}"
	ProjectSection(WebsiteProperties) = preProject
		Frontpage = "false"
		TargetFrameworkMoniker = ".NETFramework,Version%3Dv2.0"
		ProjectReferences = "{64b30cec-fb6d-48bd-b1fd-d8d5480c8e4a}|InstallerItems.dll;"
		Debug.AspNetCompiler.VirtualPath = "/Website"
		Debug.AspNetCompiler.PhysicalPath = "Website\"
		Debug.AspNetCompiler.TargetPath = "PrecompiledWeb\Website\"
		Debug.AspNetCompiler.Updateable = "true"
		Debug.AspNetCompiler.ForceOverwrite = "true"
		Debug.AspNetCompiler.FixedNames = "false"
		Debug.AspNetCompiler.Debug = "True"
		Release.AspNetCompiler.VirtualPath = "/Website"
		Release.AspNetCompiler.PhysicalPath = "Website\"
		Release.AspNetCompiler.TargetPath = "PrecompiledWeb\Website\"
		Release.AspNetCompiler.Updateable = "true"
		Release.AspNetCompiler.ForceOverwrite = "true"
		Release.AspNetCompiler.FixedNames = "false"
		Release.AspNetCompiler.Debug = "False"
		VWDPort = "56385"
	EndProjectSection
EndProject
Global
	GlobalSection(SolutionConfigurationPlatforms) = preSolution
		Debug|.NET = Debug|.NET
		Debug|Any CPU = Debug|Any CPU
		Debug|Mixed Platforms = Debug|Mixed Platforms
		Debug|x86 = Debug|x86
		Release|.NET = Release|.NET
		Release|Any CPU = Release|Any CPU
		Release|Mixed Platforms = Release|Mixed Platforms
		Release|x86 = Release|x86
	EndGlobalSection
	GlobalSection(ProjectConfigurationPlatforms) = postSolution
		{64B30CEC-FB6D-48BD-B1FD-D8D5480C8E4A}.Debug|.NET.ActiveCfg = Debug|Any CPU
		{64B30CEC-FB6D-48BD-B1FD-D8D5480C8E4A}.Debug|Any CPU.ActiveCfg = Debug|Any CPU
		{64B30CEC-FB6D-48BD-B1FD-D8D5480C8E4A}.Debug|Any CPU.Build.0 = Debug|Any CPU
		{64B30CEC-FB6D-48BD-B1FD-D8D5480C8E4A}.Debug|Mixed Platforms.ActiveCfg = Debug|Any CPU
		{64B30CEC-FB6D-48BD-B1FD-D8D5480C8E4A}.Debug|Mixed Platforms.Build.0 = Debug|Any CPU
		{64B30CEC-FB6D-48BD-B1FD-D8D5480C8E4A}.Debug|x86.ActiveCfg = Debug|Any CPU
		{64B30CEC-FB6D-48BD-B1FD-D8D5480C8E4A}.Release|.NET.ActiveCfg = Release|Any CPU
		{64B30CEC-FB6D-48BD-B1FD-D8D5480C8E4A}.Release|Any CPU.ActiveCfg = Release|Any CPU
		{64B30CEC-FB6D-48BD-B1FD-D8D5480C8E4A}.Release|Any CPU.Build.0 = Release|Any CPU
		{64B30CEC-FB6D-48BD-B1FD-D8D5480C8E4A}.Release|Mixed Platforms.ActiveCfg = Release|Any CPU
		{64B30CEC-FB6D-48BD-B1FD-D8D5480C8E4A}.Release|Mixed Platforms.Build.0 = Release|Any CPU
		{64B30CEC-FB6D-48BD-B1FD-D8D5480C8E4A}.Release|x86.ActiveCfg = Release|Any CPU
		{B2C32557-4CFE-4DC3-8DCA-A298633708C0}.Debug|.NET.ActiveCfg = Debug|Any CPU
		{B2C32557-4CFE-4DC3-8DCA-A298633708C0}.Debug|Any CPU.ActiveCfg = Debug|Any CPU
		{B2C32557-4CFE-4DC3-8DCA-A298633708C0}.Debug|Any CPU.Build.0 = Debug|Any CPU
		{B2C32557-4CFE-4DC3-8DCA-A298633708C0}.Debug|Mixed Platforms.ActiveCfg = Debug|Any CPU
		{B2C32557-4CFE-4DC3-8DCA-A298633708C0}.Debug|Mixed Platforms.Build.0 = Debug|Any CPU
		{B2C32557-4CFE-4DC3-8DCA-A298633708C0}.Debug|x86.ActiveCfg = Debug|Any CPU
		{B2C32557-4CFE-4DC3-8DCA-A298633708C0}.Release|.NET.ActiveCfg = Debug|Any CPU
		{B2C32557-4CFE-4DC3-8DCA-A298633708C0}.Release|Any CPU.ActiveCfg = Debug|Any CPU
		{B2C32557-4CFE-4DC3-8DCA-A298633708C0}.Release|Any CPU.Build.0 = Debug|Any CPU
		{B2C32557-4CFE-4DC3-8DCA-A298633708C0}.Release|Mixed Platforms.ActiveCfg = Debug|Any CPU
		{B2C32557-4CFE-4DC3-8DCA-A298633708C0}.Release|Mixed Platforms.Build.0 = Debug|Any CPU
		{B2C32557-4CFE-4DC3-8DCA-A298633708C0}.Release|x86.ActiveCfg = Debug|Any CPU
	EndGlobalSection
	GlobalSection(SolutionProperties) = preSolution
		HideSolutionNode = FALSE
	EndGlobalSection
EndGlobal
